
Microsoft Visual Studio Solution File, Format Version 12.00
# Visual Studio 2012
Project("{FAE04EC0-301F-11D3-BF4B-00C04F79EFBC}") = "CompiledViews", "CompiledViews\CompiledViews.csproj", "{66DF14FA-2BB0-4C7B-939B-42A4D2510280}"
EndProject
Project("{FAE04EC0-301F-11D3-BF4B-00C04F79EFBC}") = "ExternalViews", "ExternalViews\ExternalViews.csproj", "{FA525269-836C-4D7A-A8BE-D195B67FD07A}"
EndProject
Global
	GlobalSection(SolutionConfigurationPlatforms) = preSolution
		Debug|Any CPU = Debug|Any CPU
		Release|Any CPU = Release|Any CPU
	EndGlobalSection
	GlobalSection(ProjectConfigurationPlatforms) = postSolution
		{66DF14FA-2BB0-4C7B-939B-42A4D2510280}.Debug|Any CPU.ActiveCfg = Debug|Any CPU
		{66DF14FA-2BB0-4C7B-939B-42A4D2510280}.Debug|Any CPU.Build.0 = Debug|Any CPU
		{66DF14FA-2BB0-4C7B-939B-42A4D2510280}.Release|Any CPU.ActiveCfg = Release|Any CPU
		{66DF14FA-2BB0-4C7B-939B-42A4D2510280}.Release|Any CPU.Build.0 = Release|Any CPU
		{FA525269-836C-4D7A-A8BE-D195B67FD07A}.Debug|Any CPU.ActiveCfg = Debug|Any CPU
		{FA525269-836C-4D7A-A8BE-D195B67FD07A}.Debug|Any CPU.Build.0 = Debug|Any CPU
		{FA525269-836C-4D7A-A8BE-D195B67FD07A}.Release|Any CPU.ActiveCfg = Release|Any CPU
		{FA525269-836C-4D7A-A8BE-D195B67FD07A}.Release|Any CPU.Build.0 = Release|Any CPU
	EndGlobalSection
	GlobalSection(SolutionProperties) = preSolution
		HideSolutionNode = FALSE
	EndGlobalSection
EndGlobal
